// !$*UTF8*$!
{
	archiveVersion = 1;
	classes = {
	};
	objectVersion = 46;
	objects = {

/* Begin PBXBuildFile section */
		128FFDE2C735E32A2B8355BE /* libPods-ApiAIDemoWatchOS WatchKit App.a in Frameworks */ = {isa = PBXBuildFile; fileRef = C40090C2694858173BDAA8BC /* libPods-ApiAIDemoWatchOS WatchKit App.a */; };
		57872E0F73DAA33305070CE0 /* libPods-ApiAIDemoWatchOS.a in Frameworks */ = {isa = PBXBuildFile; fileRef = 9FEDD61086CB3A92EA5654E9 /* libPods-ApiAIDemoWatchOS.a */; };
		58091C041B6B708E00C8C6F2 /* AudioToolbox.framework in Frameworks */ = {isa = PBXBuildFile; fileRef = 58091BFC1B6B6C7200C8C6F2 /* AudioToolbox.framework */; };
		585C5A971B70D3C8003D311F /* WatchConnectivity.framework in Frameworks */ = {isa = PBXBuildFile; fileRef = 585C5A961B70D3C8003D311F /* WatchConnectivity.framework */; };
		58D6971A1B67A46C00693710 /* main.m in Sources */ = {isa = PBXBuildFile; fileRef = 58D697191B67A46C00693710 /* main.m */; };
		58D6971D1B67A46C00693710 /* AppDelegate.m in Sources */ = {isa = PBXBuildFile; fileRef = 58D6971C1B67A46C00693710 /* AppDelegate.m */; };
		58D697201B67A46C00693710 /* ViewController.m in Sources */ = {isa = PBXBuildFile; fileRef = 58D6971F1B67A46C00693710 /* ViewController.m */; };
		58D697231B67A46C00693710 /* Main.storyboard in Resources */ = {isa = PBXBuildFile; fileRef = 58D697211B67A46C00693710 /* Main.storyboard */; };
		58D697251B67A46C00693710 /* Assets.xcassets in Resources */ = {isa = PBXBuildFile; fileRef = 58D697241B67A46C00693710 /* Assets.xcassets */; };
		58D697281B67A46C00693710 /* LaunchScreen.storyboard in Resources */ = {isa = PBXBuildFile; fileRef = 58D697261B67A46C00693710 /* LaunchScreen.storyboard */; };
		58D6972D1B67A46D00693710 /* ApiAIDemoWatchOS WatchKit App.app in Embed Watch Content */ = {isa = PBXBuildFile; fileRef = 58D6972C1B67A46D00693710 /* ApiAIDemoWatchOS WatchKit App.app */; };
		58D697331B67A46D00693710 /* Interface.storyboard in Resources */ = {isa = PBXBuildFile; fileRef = 58D697311B67A46D00693710 /* Interface.storyboard */; };
		58D697351B67A46D00693710 /* Assets.xcassets in Resources */ = {isa = PBXBuildFile; fileRef = 58D697341B67A46D00693710 /* Assets.xcassets */; };
		58D6973C1B67A46D00693710 /* ApiAIDemoWatchOS WatchKit Extension.appex in Embed App Extensions */ = {isa = PBXBuildFile; fileRef = 58D6973B1B67A46D00693710 /* ApiAIDemoWatchOS WatchKit Extension.appex */; settings = {ATTRIBUTES = (RemoveHeadersOnCopy, ); }; };
		58D697421B67A46D00693710 /* InterfaceController.m in Sources */ = {isa = PBXBuildFile; fileRef = 58D697411B67A46D00693710 /* InterfaceController.m */; };
		58D697451B67A46D00693710 /* ExtensionDelegate.m in Sources */ = {isa = PBXBuildFile; fileRef = 58D697441B67A46D00693710 /* ExtensionDelegate.m */; };
		58D697471B67A46D00693710 /* Assets.xcassets in Resources */ = {isa = PBXBuildFile; fileRef = 58D697461B67A46D00693710 /* Assets.xcassets */; };
		7631342E3A957EA11E5B4567 /* libPods-ApiAIDemoWatchOS WatchKit Extension.a in Frameworks */ = {isa = PBXBuildFile; fileRef = 54B75472B51CBAE75292BAF6 /* libPods-ApiAIDemoWatchOS WatchKit Extension.a */; };
/* End PBXBuildFile section */

/* Begin PBXContainerItemProxy section */
		58D6972E1B67A46D00693710 /* PBXContainerItemProxy */ = {
			isa = PBXContainerItemProxy;
			containerPortal = 58D6970D1B67A46C00693710 /* Project object */;
			proxyType = 1;
			remoteGlobalIDString = 58D6972B1B67A46D00693710;
			remoteInfo = "ApiAIDemoWatchOS WatchKit App";
		};
		58D6973D1B67A46D00693710 /* PBXContainerItemProxy */ = {
			isa = PBXContainerItemProxy;
			containerPortal = 58D6970D1B67A46C00693710 /* Project object */;
			proxyType = 1;
			remoteGlobalIDString = 58D6973A1B67A46D00693710;
			remoteInfo = "ApiAIDemoWatchOS WatchKit Extension";
		};
/* End PBXContainerItemProxy section */

/* Begin PBXCopyFilesBuildPhase section */
		58D6974E1B67A46D00693710 /* Embed App Extensions */ = {
			isa = PBXCopyFilesBuildPhase;
			buildActionMask = 2147483647;
			dstPath = "";
			dstSubfolderSpec = 13;
			files = (
				58D6973C1B67A46D00693710 /* ApiAIDemoWatchOS WatchKit Extension.appex in Embed App Extensions */,
			);
			name = "Embed App Extensions";
			runOnlyForDeploymentPostprocessing = 0;
		};
		58D697521B67A46D00693710 /* Embed Watch Content */ = {
			isa = PBXCopyFilesBuildPhase;
			buildActionMask = 2147483647;
			dstPath = "$(CONTENTS_FOLDER_PATH)/Watch";
			dstSubfolderSpec = 16;
			files = (
				58D6972D1B67A46D00693710 /* ApiAIDemoWatchOS WatchKit App.app in Embed Watch Content */,
			);
			name = "Embed Watch Content";
			runOnlyForDeploymentPostprocessing = 0;
		};
/* End PBXCopyFilesBuildPhase section */

/* Begin PBXFileReference section */
		017AC5FCD377561800B01163 /* Pods-ApiAIDemoWatchOS WatchKit App.debug.xcconfig */ = {isa = PBXFileReference; includeInIndex = 1; lastKnownFileType = text.xcconfig; name = "Pods-ApiAIDemoWatchOS WatchKit App.debug.xcconfig"; path = "Pods/Target Support Files/Pods-ApiAIDemoWatchOS WatchKit App/Pods-ApiAIDemoWatchOS WatchKit App.debug.xcconfig"; sourceTree = "<group>"; };
		11AEADE43F0976D4C40C7356 /* Pods-ApiAIDemoWatchOS WatchKit Extension.release.xcconfig */ = {isa = PBXFileReference; includeInIndex = 1; lastKnownFileType = text.xcconfig; name = "Pods-ApiAIDemoWatchOS WatchKit Extension.release.xcconfig"; path = "Pods/Target Support Files/Pods-ApiAIDemoWatchOS WatchKit Extension/Pods-ApiAIDemoWatchOS WatchKit Extension.release.xcconfig"; sourceTree = "<group>"; };
		2468E1DFFF501448571B2240 /* Pods-ApiAIDemoWatchOS WatchKit App.release.xcconfig */ = {isa = PBXFileReference; includeInIndex = 1; lastKnownFileType = text.xcconfig; name = "Pods-ApiAIDemoWatchOS WatchKit App.release.xcconfig"; path = "Pods/Target Support Files/Pods-ApiAIDemoWatchOS WatchKit App/Pods-ApiAIDemoWatchOS WatchKit App.release.xcconfig"; sourceTree = "<group>"; };
		445B3281623C29D5BAC26CEA /* Pods-ApiAIDemoWatchOS WatchKit Extension.debug.xcconfig */ = {isa = PBXFileReference; includeInIndex = 1; lastKnownFileType = text.xcconfig; name = "Pods-ApiAIDemoWatchOS WatchKit Extension.debug.xcconfig"; path = "Pods/Target Support Files/Pods-ApiAIDemoWatchOS WatchKit Extension/Pods-ApiAIDemoWatchOS WatchKit Extension.debug.xcconfig"; sourceTree = "<group>"; };
		51569417C3C9755B8371D961 /* Pods-ApiAIDemoWatchOS.debug.xcconfig */ = {isa = PBXFileReference; includeInIndex = 1; lastKnownFileType = text.xcconfig; name = "Pods-ApiAIDemoWatchOS.debug.xcconfig"; path = "Pods/Target Support Files/Pods-ApiAIDemoWatchOS/Pods-ApiAIDemoWatchOS.debug.xcconfig"; sourceTree = "<group>"; };
		54B75472B51CBAE75292BAF6 /* libPods-ApiAIDemoWatchOS WatchKit Extension.a */ = {isa = PBXFileReference; explicitFileType = archive.ar; includeInIndex = 0; path = "libPods-ApiAIDemoWatchOS WatchKit Extension.a"; sourceTree = BUILT_PRODUCTS_DIR; };
		58091BFC1B6B6C7200C8C6F2 /* AudioToolbox.framework */ = {isa = PBXFileReference; lastKnownFileType = wrapper.framework; name = AudioToolbox.framework; path = System/Library/Frameworks/AudioToolbox.framework; sourceTree = SDKROOT; };
		585C5A961B70D3C8003D311F /* WatchConnectivity.framework */ = {isa = PBXFileReference; lastKnownFileType = wrapper.framework; name = WatchConnectivity.framework; path = Platforms/WatchOS.platform/Developer/SDKs/WatchOS2.0.sdk/System/Library/Frameworks/WatchConnectivity.framework; sourceTree = DEVELOPER_DIR; };
		58D697151B67A46C00693710 /* ApiAIDemoWatchOS.app */ = {isa = PBXFileReference; explicitFileType = wrapper.application; includeInIndex = 0; path = ApiAIDemoWatchOS.app; sourceTree = BUILT_PRODUCTS_DIR; };
		58D697191B67A46C00693710 /* main.m */ = {isa = PBXFileReference; lastKnownFileType = sourcecode.c.objc; path = main.m; sourceTree = "<group>"; };
		58D6971B1B67A46C00693710 /* AppDelegate.h */ = {isa = PBXFileReference; lastKnownFileType = sourcecode.c.h; path = AppDelegate.h; sourceTree = "<group>"; };
		58D6971C1B67A46C00693710 /* AppDelegate.m */ = {isa = PBXFileReference; lastKnownFileType = sourcecode.c.objc; path = AppDelegate.m; sourceTree = "<group>"; };
		58D6971E1B67A46C00693710 /* ViewController.h */ = {isa = PBXFileReference; lastKnownFileType = sourcecode.c.h; path = ViewController.h; sourceTree = "<group>"; };
		58D6971F1B67A46C00693710 /* ViewController.m */ = {isa = PBXFileReference; lastKnownFileType = sourcecode.c.objc; path = ViewController.m; sourceTree = "<group>"; };
		58D697221B67A46C00693710 /* Base */ = {isa = PBXFileReference; lastKnownFileType = file.storyboard; name = Base; path = Base.lproj/Main.storyboard; sourceTree = "<group>"; };
		58D697241B67A46C00693710 /* Assets.xcassets */ = {isa = PBXFileReference; lastKnownFileType = folder.assetcatalog; path = Assets.xcassets; sourceTree = "<group>"; };
		58D697271B67A46C00693710 /* Base */ = {isa = PBXFileReference; lastKnownFileType = file.storyboard; name = Base; path = Base.lproj/LaunchScreen.storyboard; sourceTree = "<group>"; };
		58D697291B67A46C00693710 /* Info.plist */ = {isa = PBXFileReference; lastKnownFileType = text.plist.xml; path = Info.plist; sourceTree = "<group>"; };
		58D6972C1B67A46D00693710 /* ApiAIDemoWatchOS WatchKit App.app */ = {isa = PBXFileReference; explicitFileType = wrapper.application; includeInIndex = 0; path = "ApiAIDemoWatchOS WatchKit App.app"; sourceTree = BUILT_PRODUCTS_DIR; };
		58D697321B67A46D00693710 /* Base */ = {isa = PBXFileReference; lastKnownFileType = file.storyboard; name = Base; path = Base.lproj/Interface.storyboard; sourceTree = "<group>"; };
		58D697341B67A46D00693710 /* Assets.xcassets */ = {isa = PBXFileReference; lastKnownFileType = folder.assetcatalog; path = Assets.xcassets; sourceTree = "<group>"; };
		58D697361B67A46D00693710 /* Info.plist */ = {isa = PBXFileReference; lastKnownFileType = text.plist.xml; path = Info.plist; sourceTree = "<group>"; };
		58D6973B1B67A46D00693710 /* ApiAIDemoWatchOS WatchKit Extension.appex */ = {isa = PBXFileReference; explicitFileType = "wrapper.app-extension"; includeInIndex = 0; path = "ApiAIDemoWatchOS WatchKit Extension.appex"; sourceTree = BUILT_PRODUCTS_DIR; };
		58D697401B67A46D00693710 /* InterfaceController.h */ = {isa = PBXFileReference; lastKnownFileType = sourcecode.c.h; path = InterfaceController.h; sourceTree = "<group>"; };
		58D697411B67A46D00693710 /* InterfaceController.m */ = {isa = PBXFileReference; lastKnownFileType = sourcecode.c.objc; path = InterfaceController.m; sourceTree = "<group>"; };
		58D697431B67A46D00693710 /* ExtensionDelegate.h */ = {isa = PBXFileReference; lastKnownFileType = sourcecode.c.h; path = ExtensionDelegate.h; sourceTree = "<group>"; };
		58D697441B67A46D00693710 /* ExtensionDelegate.m */ = {isa = PBXFileReference; lastKnownFileType = sourcecode.c.objc; path = ExtensionDelegate.m; sourceTree = "<group>"; };
		58D697461B67A46D00693710 /* Assets.xcassets */ = {isa = PBXFileReference; lastKnownFileType = folder.assetcatalog; path = Assets.xcassets; sourceTree = "<group>"; };
		58D697481B67A46D00693710 /* Info.plist */ = {isa = PBXFileReference; lastKnownFileType = text.plist.xml; path = Info.plist; sourceTree = "<group>"; };
		9D640FAAF47A1F62965911F0 /* Pods-ApiAIDemoWatchOS.release.xcconfig */ = {isa = PBXFileReference; includeInIndex = 1; lastKnownFileType = text.xcconfig; name = "Pods-ApiAIDemoWatchOS.release.xcconfig"; path = "Pods/Target Support Files/Pods-ApiAIDemoWatchOS/Pods-ApiAIDemoWatchOS.release.xcconfig"; sourceTree = "<group>"; };
		9FEDD61086CB3A92EA5654E9 /* libPods-ApiAIDemoWatchOS.a */ = {isa = PBXFileReference; explicitFileType = archive.ar; includeInIndex = 0; path = "libPods-ApiAIDemoWatchOS.a"; sourceTree = BUILT_PRODUCTS_DIR; };
		C40090C2694858173BDAA8BC /* libPods-ApiAIDemoWatchOS WatchKit App.a */ = {isa = PBXFileReference; explicitFileType = archive.ar; includeInIndex = 0; path = "libPods-ApiAIDemoWatchOS WatchKit App.a"; sourceTree = BUILT_PRODUCTS_DIR; };
/* End PBXFileReference section */

/* Begin PBXFrameworksBuildPhase section */
		08EFBC34ADFA0A59B9B946AD /* Frameworks */ = {
			isa = PBXFrameworksBuildPhase;
			buildActionMask = 2147483647;
			files = (
				128FFDE2C735E32A2B8355BE /* libPods-ApiAIDemoWatchOS WatchKit App.a in Frameworks */,
			);
			runOnlyForDeploymentPostprocessing = 0;
		};
		58D697121B67A46C00693710 /* Frameworks */ = {
			isa = PBXFrameworksBuildPhase;
			buildActionMask = 2147483647;
			files = (
				58091C041B6B708E00C8C6F2 /* AudioToolbox.framework in Frameworks */,
				57872E0F73DAA33305070CE0 /* libPods-ApiAIDemoWatchOS.a in Frameworks */,
			);
			runOnlyForDeploymentPostprocessing = 0;
		};
		58D697381B67A46D00693710 /* Frameworks */ = {
			isa = PBXFrameworksBuildPhase;
			buildActionMask = 2147483647;
			files = (
				585C5A971B70D3C8003D311F /* WatchConnectivity.framework in Frameworks */,
				7631342E3A957EA11E5B4567 /* libPods-ApiAIDemoWatchOS WatchKit Extension.a in Frameworks */,
			);
			runOnlyForDeploymentPostprocessing = 0;
		};
/* End PBXFrameworksBuildPhase section */

/* Begin PBXGroup section */
		0879B41C38D56FD7E4F9D959 /* Pods */ = {
			isa = PBXGroup;
			children = (
				51569417C3C9755B8371D961 /* Pods-ApiAIDemoWatchOS.debug.xcconfig */,
				9D640FAAF47A1F62965911F0 /* Pods-ApiAIDemoWatchOS.release.xcconfig */,
				017AC5FCD377561800B01163 /* Pods-ApiAIDemoWatchOS WatchKit App.debug.xcconfig */,
				2468E1DFFF501448571B2240 /* Pods-ApiAIDemoWatchOS WatchKit App.release.xcconfig */,
				445B3281623C29D5BAC26CEA /* Pods-ApiAIDemoWatchOS WatchKit Extension.debug.xcconfig */,
				11AEADE43F0976D4C40C7356 /* Pods-ApiAIDemoWatchOS WatchKit Extension.release.xcconfig */,
			);
			name = Pods;
			sourceTree = "<group>";
		};
		58D6970C1B67A46C00693710 = {
			isa = PBXGroup;
			children = (
				58D697171B67A46C00693710 /* ApiAIDemoWatchOS */,
				58D697301B67A46D00693710 /* ApiAIDemoWatchOS WatchKit App */,
				58D6973F1B67A46D00693710 /* ApiAIDemoWatchOS WatchKit Extension */,
				58D697161B67A46C00693710 /* Products */,
				A0ABF0926989F12EB256B2A2 /* Frameworks */,
				0879B41C38D56FD7E4F9D959 /* Pods */,
			);
			sourceTree = "<group>";
		};
		58D697161B67A46C00693710 /* Products */ = {
			isa = PBXGroup;
			children = (
				58D697151B67A46C00693710 /* ApiAIDemoWatchOS.app */,
				58D6972C1B67A46D00693710 /* ApiAIDemoWatchOS WatchKit App.app */,
				58D6973B1B67A46D00693710 /* ApiAIDemoWatchOS WatchKit Extension.appex */,
			);
			name = Products;
			sourceTree = "<group>";
		};
		58D697171B67A46C00693710 /* ApiAIDemoWatchOS */ = {
			isa = PBXGroup;
			children = (
				58D6971B1B67A46C00693710 /* AppDelegate.h */,
				58D6971C1B67A46C00693710 /* AppDelegate.m */,
				58D6971E1B67A46C00693710 /* ViewController.h */,
				58D6971F1B67A46C00693710 /* ViewController.m */,
				58D697211B67A46C00693710 /* Main.storyboard */,
				58D697241B67A46C00693710 /* Assets.xcassets */,
				58D697261B67A46C00693710 /* LaunchScreen.storyboard */,
				58D697291B67A46C00693710 /* Info.plist */,
				58D697181B67A46C00693710 /* Supporting Files */,
			);
			path = ApiAIDemoWatchOS;
			sourceTree = "<group>";
		};
		58D697181B67A46C00693710 /* Supporting Files */ = {
			isa = PBXGroup;
			children = (
				58D697191B67A46C00693710 /* main.m */,
			);
			name = "Supporting Files";
			sourceTree = "<group>";
		};
		58D697301B67A46D00693710 /* ApiAIDemoWatchOS WatchKit App */ = {
			isa = PBXGroup;
			children = (
				58D697311B67A46D00693710 /* Interface.storyboard */,
				58D697341B67A46D00693710 /* Assets.xcassets */,
				58D697361B67A46D00693710 /* Info.plist */,
			);
			path = "ApiAIDemoWatchOS WatchKit App";
			sourceTree = "<group>";
		};
		58D6973F1B67A46D00693710 /* ApiAIDemoWatchOS WatchKit Extension */ = {
			isa = PBXGroup;
			children = (
				58D697401B67A46D00693710 /* InterfaceController.h */,
				58D697411B67A46D00693710 /* InterfaceController.m */,
				58D697431B67A46D00693710 /* ExtensionDelegate.h */,
				58D697441B67A46D00693710 /* ExtensionDelegate.m */,
				58D697461B67A46D00693710 /* Assets.xcassets */,
				58D697481B67A46D00693710 /* Info.plist */,
			);
			path = "ApiAIDemoWatchOS WatchKit Extension";
			sourceTree = "<group>";
		};
		A0ABF0926989F12EB256B2A2 /* Frameworks */ = {
			isa = PBXGroup;
			children = (
				585C5A961B70D3C8003D311F /* WatchConnectivity.framework */,
				58091BFC1B6B6C7200C8C6F2 /* AudioToolbox.framework */,
				9FEDD61086CB3A92EA5654E9 /* libPods-ApiAIDemoWatchOS.a */,
				C40090C2694858173BDAA8BC /* libPods-ApiAIDemoWatchOS WatchKit App.a */,
				54B75472B51CBAE75292BAF6 /* libPods-ApiAIDemoWatchOS WatchKit Extension.a */,
			);
			name = Frameworks;
			sourceTree = "<group>";
		};
/* End PBXGroup section */

/* Begin PBXNativeTarget section */
		58D697141B67A46C00693710 /* ApiAIDemoWatchOS */ = {
			isa = PBXNativeTarget;
			buildConfigurationList = 58D697531B67A46D00693710 /* Build configuration list for PBXNativeTarget "ApiAIDemoWatchOS" */;
			buildPhases = (
				9D138DC6D2F790F5761C6C0B /* [CP] Check Pods Manifest.lock */,
				58D697111B67A46C00693710 /* Sources */,
				58D697121B67A46C00693710 /* Frameworks */,
				58D697131B67A46C00693710 /* Resources */,
				58D697521B67A46D00693710 /* Embed Watch Content */,
				9590EDF66B59BC0BD476F57E /* [CP] Embed Pods Frameworks */,
				7CC79F5376BDFFCFDFAB0260 /* [CP] Copy Pods Resources */,
			);
			buildRules = (
			);
			dependencies = (
				58D6972F1B67A46D00693710 /* PBXTargetDependency */,
			);
			name = ApiAIDemoWatchOS;
			productName = ApiAIDemoWatchOS;
			productReference = 58D697151B67A46C00693710 /* ApiAIDemoWatchOS.app */;
			productType = "com.apple.product-type.application";
		};
		58D6972B1B67A46D00693710 /* ApiAIDemoWatchOS WatchKit App */ = {
			isa = PBXNativeTarget;
			buildConfigurationList = 58D6974F1B67A46D00693710 /* Build configuration list for PBXNativeTarget "ApiAIDemoWatchOS WatchKit App" */;
			buildPhases = (
				A7568850A48378CB5EEBBE8F /* [CP] Check Pods Manifest.lock */,
				58D6972A1B67A46D00693710 /* Resources */,
				58D6974E1B67A46D00693710 /* Embed App Extensions */,
				08EFBC34ADFA0A59B9B946AD /* Frameworks */,
				D09D76D2B5A82F4DF78DD25B /* [CP] Copy Pods Resources */,
			);
			buildRules = (
			);
			dependencies = (
				58D6973E1B67A46D00693710 /* PBXTargetDependency */,
			);
			name = "ApiAIDemoWatchOS WatchKit App";
			productName = "ApiAIDemoWatchOS WatchKit App";
			productReference = 58D6972C1B67A46D00693710 /* ApiAIDemoWatchOS WatchKit App.app */;
			productType = "com.apple.product-type.application.watchapp2";
		};
		58D6973A1B67A46D00693710 /* ApiAIDemoWatchOS WatchKit Extension */ = {
			isa = PBXNativeTarget;
			buildConfigurationList = 58D6974B1B67A46D00693710 /* Build configuration list for PBXNativeTarget "ApiAIDemoWatchOS WatchKit Extension" */;
			buildPhases = (
				C10B34E4A20CA1B06A78976E /* [CP] Check Pods Manifest.lock */,
				58D697371B67A46D00693710 /* Sources */,
				58D697381B67A46D00693710 /* Frameworks */,
				58D697391B67A46D00693710 /* Resources */,
				71A42730382A80CEEA55AB6E /* [CP] Embed Pods Frameworks */,
				0B4DE2167D783A7622060F1A /* [CP] Copy Pods Resources */,
			);
			buildRules = (
			);
			dependencies = (
			);
			name = "ApiAIDemoWatchOS WatchKit Extension";
			productName = "ApiAIDemoWatchOS WatchKit Extension";
			productReference = 58D6973B1B67A46D00693710 /* ApiAIDemoWatchOS WatchKit Extension.appex */;
			productType = "com.apple.product-type.watchkit2-extension";
		};
/* End PBXNativeTarget section */

/* Begin PBXProject section */
		58D6970D1B67A46C00693710 /* Project object */ = {
			isa = PBXProject;
			attributes = {
				LastUpgradeCheck = 0700;
				ORGANIZATIONNAME = "Kuragin Dmitriy";
				TargetAttributes = {
					58D697141B67A46C00693710 = {
						CreatedOnToolsVersion = 7.0;
					};
					58D6972B1B67A46D00693710 = {
						CreatedOnToolsVersion = 7.0;
					};
					58D6973A1B67A46D00693710 = {
						CreatedOnToolsVersion = 7.0;
					};
				};
			};
			buildConfigurationList = 58D697101B67A46C00693710 /* Build configuration list for PBXProject "ApiAIDemoWatchOS" */;
			compatibilityVersion = "Xcode 3.2";
			developmentRegion = English;
			hasScannedForEncodings = 0;
			knownRegions = (
				en,
				Base,
			);
			mainGroup = 58D6970C1B67A46C00693710;
			productRefGroup = 58D697161B67A46C00693710 /* Products */;
			projectDirPath = "";
			projectRoot = "";
			targets = (
				58D697141B67A46C00693710 /* ApiAIDemoWatchOS */,
				58D6972B1B67A46D00693710 /* ApiAIDemoWatchOS WatchKit App */,
				58D6973A1B67A46D00693710 /* ApiAIDemoWatchOS WatchKit Extension */,
			);
		};
/* End PBXProject section */

/* Begin PBXResourcesBuildPhase section */
		58D697131B67A46C00693710 /* Resources */ = {
			isa = PBXResourcesBuildPhase;
			buildActionMask = 2147483647;
			files = (
				58D697281B67A46C00693710 /* LaunchScreen.storyboard in Resources */,
				58D697251B67A46C00693710 /* Assets.xcassets in Resources */,
				58D697231B67A46C00693710 /* Main.storyboard in Resources */,
			);
			runOnlyForDeploymentPostprocessing = 0;
		};
		58D6972A1B67A46D00693710 /* Resources */ = {
			isa = PBXResourcesBuildPhase;
			buildActionMask = 2147483647;
			files = (
				58D697351B67A46D00693710 /* Assets.xcassets in Resources */,
				58D697331B67A46D00693710 /* Interface.storyboard in Resources */,
			);
			runOnlyForDeploymentPostprocessing = 0;
		};
		58D697391B67A46D00693710 /* Resources */ = {
			isa = PBXResourcesBuildPhase;
			buildActionMask = 2147483647;
			files = (
				58D697471B67A46D00693710 /* Assets.xcassets in Resources */,
			);
			runOnlyForDeploymentPostprocessing = 0;
		};
/* End PBXResourcesBuildPhase section */

/* Begin PBXShellScriptBuildPhase section */
		0B4DE2167D783A7622060F1A /* [CP] Copy Pods Resources */ = {
			isa = PBXShellScriptBuildPhase;
			buildActionMask = 2147483647;
			files = (
			);
			inputPaths = (
			);
			name = "[CP] Copy Pods Resources";
			outputPaths = (
			);
			runOnlyForDeploymentPostprocessing = 0;
			shellPath = /bin/sh;
			shellScript = "\"${SRCROOT}/Pods/Target Support Files/Pods-ApiAIDemoWatchOS WatchKit Extension/Pods-ApiAIDemoWatchOS WatchKit Extension-resources.sh\"\n";
			showEnvVarsInLog = 0;
		};
		71A42730382A80CEEA55AB6E /* [CP] Embed Pods Frameworks */ = {
			isa = PBXShellScriptBuildPhase;
			buildActionMask = 2147483647;
			files = (
			);
			inputPaths = (
			);
			name = "[CP] Embed Pods Frameworks";
			outputPaths = (
			);
			runOnlyForDeploymentPostprocessing = 0;
			shellPath = /bin/sh;
			shellScript = "\"${SRCROOT}/Pods/Target Support Files/Pods-ApiAIDemoWatchOS WatchKit Extension/Pods-ApiAIDemoWatchOS WatchKit Extension-frameworks.sh\"\n";
			showEnvVarsInLog = 0;
		};
		7CC79F5376BDFFCFDFAB0260 /* [CP] Copy Pods Resources */ = {
			isa = PBXShellScriptBuildPhase;
			buildActionMask = 2147483647;
			files = (
			);
			inputPaths = (
			);
			name = "[CP] Copy Pods Resources";
			outputPaths = (
			);
			runOnlyForDeploymentPostprocessing = 0;
			shellPath = /bin/sh;
			shellScript = "\"${SRCROOT}/Pods/Target Support Files/Pods-ApiAIDemoWatchOS/Pods-ApiAIDemoWatchOS-resources.sh\"\n";
			showEnvVarsInLog = 0;
		};
		9590EDF66B59BC0BD476F57E /* [CP] Embed Pods Frameworks */ = {
			isa = PBXShellScriptBuildPhase;
			buildActionMask = 2147483647;
			files = (
			);
			inputPaths = (
			);
			name = "[CP] Embed Pods Frameworks";
			outputPaths = (
			);
			runOnlyForDeploymentPostprocessing = 0;
			shellPath = /bin/sh;
			shellScript = "\"${SRCROOT}/Pods/Target Support Files/Pods-ApiAIDemoWatchOS/Pods-ApiAIDemoWatchOS-frameworks.sh\"\n";
			showEnvVarsInLog = 0;
		};
		9D138DC6D2F790F5761C6C0B /* [CP] Check Pods Manifest.lock */ = {
			isa = PBXShellScriptBuildPhase;
			buildActionMask = 2147483647;
			files = (
			);
			inputPaths = (
			);
			name = "[CP] Check Pods Manifest.lock";
			outputPaths = (
			);
			runOnlyForDeploymentPostprocessing = 0;
			shellPath = /bin/sh;
			shellScript = "diff \"${PODS_ROOT}/../Podfile.lock\" \"${PODS_ROOT}/Manifest.lock\" > /dev/null\nif [ $? != 0 ] ; then\n    # print error to STDERR\n    echo \"error: The sandbox is not in sync with the Podfile.lock. Run 'pod install' or update your CocoaPods installation.\" >&2\n    exit 1\nfi\n";
			showEnvVarsInLog = 0;
		};
		A7568850A48378CB5EEBBE8F /* [CP] Check Pods Manifest.lock */ = {
			isa = PBXShellScriptBuildPhase;
			buildActionMask = 2147483647;
			files = (
			);
			inputPaths = (
			);
			name = "[CP] Check Pods Manifest.lock";
			outputPaths = (
			);
			runOnlyForDeploymentPostprocessing = 0;
			shellPath = /bin/sh;
			shellScript = "diff \"${PODS_ROOT}/../Podfile.lock\" \"${PODS_ROOT}/Manifest.lock\" > /dev/null\nif [ $? != 0 ] ; then\n    # print error to STDERR\n    echo \"error: The sandbox is not in sync with the Podfile.lock. Run 'pod install' or update your CocoaPods installation.\" >&2\n    exit 1\nfi\n";
			showEnvVarsInLog = 0;
		};
		C10B34E4A20CA1B06A78976E /* [CP] Check Pods Manifest.lock */ = {
			isa = PBXShellScriptBuildPhase;
			buildActionMask = 2147483647;
			files = (
			);
			inputPaths = (
			);
			name = "[CP] Check Pods Manifest.lock";
			outputPaths = (
			);
			runOnlyForDeploymentPostprocessing = 0;
			shellPath = /bin/sh;
			shellScript = "diff \"${PODS_ROOT}/../Podfile.lock\" \"${PODS_ROOT}/Manifest.lock\" > /dev/null\nif [ $? != 0 ] ; then\n    # print error to STDERR\n    echo \"error: The sandbox is not in sync with the Podfile.lock. Run 'pod install' or update your CocoaPods installation.\" >&2\n    exit 1\nfi\n";
			showEnvVarsInLog = 0;
		};
		D09D76D2B5A82F4DF78DD25B /* [CP] Copy Pods Resources */ = {
			isa = PBXShellScriptBuildPhase;
			buildActionMask = 2147483647;
			files = (
			);
			inputPaths = (
			);
			name = "[CP] Copy Pods Resources";
			outputPaths = (
			);
			runOnlyForDeploymentPostprocessing = 0;
			shellPath = /bin/sh;
			shellScript = "\"${SRCROOT}/Pods/Target Support Files/Pods-ApiAIDemoWatchOS WatchKit App/Pods-ApiAIDemoWatchOS WatchKit App-resources.sh\"\n";
			showEnvVarsInLog = 0;
		};
/* End PBXShellScriptBuildPhase section */

/* Begin PBXSourcesBuildPhase section */
		58D697111B67A46C00693710 /* Sources */ = {
			isa = PBXSourcesBuildPhase;
			buildActionMask = 2147483647;
			files = (
				58D697201B67A46C00693710 /* ViewController.m in Sources */,
				58D6971D1B67A46C00693710 /* AppDelegate.m in Sources */,
				58D6971A1B67A46C00693710 /* main.m in Sources */,
			);
			runOnlyForDeploymentPostprocessing = 0;
		};
		58D697371B67A46D00693710 /* Sources */ = {
			isa = PBXSourcesBuildPhase;
			buildActionMask = 2147483647;
			files = (
				58D697451B67A46D00693710 /* ExtensionDelegate.m in Sources */,
				58D697421B67A46D00693710 /* InterfaceController.m in Sources */,
			);
			runOnlyForDeploymentPostprocessing = 0;
		};
/* End PBXSourcesBuildPhase section */

/* Begin PBXTargetDependency section */
		58D6972F1B67A46D00693710 /* PBXTargetDependency */ = {
			isa = PBXTargetDependency;
			target = 58D6972B1B67A46D00693710 /* ApiAIDemoWatchOS WatchKit App */;
			targetProxy = 58D6972E1B67A46D00693710 /* PBXContainerItemProxy */;
		};
		58D6973E1B67A46D00693710 /* PBXTargetDependency */ = {
			isa = PBXTargetDependency;
			target = 58D6973A1B67A46D00693710 /* ApiAIDemoWatchOS WatchKit Extension */;
			targetProxy = 58D6973D1B67A46D00693710 /* PBXContainerItemProxy */;
		};
/* End PBXTargetDependency section */

/* Begin PBXVariantGroup section */
		58D697211B67A46C00693710 /* Main.storyboard */ = {
			isa = PBXVariantGroup;
			children = (
				58D697221B67A46C00693710 /* Base */,
			);
			name = Main.storyboard;
			sourceTree = "<group>";
		};
		58D697261B67A46C00693710 /* LaunchScreen.storyboard */ = {
			isa = PBXVariantGroup;
			children = (
				58D697271B67A46C00693710 /* Base */,
			);
			name = LaunchScreen.storyboard;
			sourceTree = "<group>";
		};
		58D697311B67A46D00693710 /* Interface.storyboard */ = {
			isa = PBXVariantGroup;
			children = (
				58D697321B67A46D00693710 /* Base */,
			);
			name = Interface.storyboard;
			sourceTree = "<group>";
		};
/* End PBXVariantGroup section */

/* Begin XCBuildConfiguration section */
		58D697491B67A46D00693710 /* Debug */ = {
			isa = XCBuildConfiguration;
			buildSettings = {
				ALWAYS_SEARCH_USER_PATHS = NO;
				CLANG_CXX_LANGUAGE_STANDARD = "gnu++0x";
				CLANG_CXX_LIBRARY = "libc++";
				CLANG_ENABLE_MODULES = YES;
				CLANG_ENABLE_OBJC_ARC = YES;
				CLANG_WARN_BOOL_CONVERSION = YES;
				CLANG_WARN_CONSTANT_CONVERSION = YES;
				CLANG_WARN_DIRECT_OBJC_ISA_USAGE = YES_ERROR;
				CLANG_WARN_EMPTY_BODY = YES;
				CLANG_WARN_ENUM_CONVERSION = YES;
				CLANG_WARN_INT_CONVERSION = YES;
				CLANG_WARN_OBJC_ROOT_CLASS = YES_ERROR;
				CLANG_WARN_UNREACHABLE_CODE = YES;
				CLANG_WARN__DUPLICATE_METHOD_MATCH = YES;
				"CODE_SIGN_IDENTITY[sdk=iphoneos*]" = "iPhone Developer";
				COPY_PHASE_STRIP = NO;
				DEBUG_INFORMATION_FORMAT = dwarf;
				ENABLE_STRICT_OBJC_MSGSEND = YES;
				ENABLE_TESTABILITY = YES;
				GCC_C_LANGUAGE_STANDARD = gnu99;
				GCC_DYNAMIC_NO_PIC = NO;
				GCC_NO_COMMON_BLOCKS = YES;
				GCC_OPTIMIZATION_LEVEL = 0;
				GCC_PREPROCESSOR_DEFINITIONS = (
					"DEBUG=1",
					"$(inherited)",
				);
				GCC_WARN_64_TO_32_BIT_CONVERSION = YES;
				GCC_WARN_ABOUT_RETURN_TYPE = YES_ERROR;
				GCC_WARN_UNDECLARED_SELECTOR = YES;
				GCC_WARN_UNINITIALIZED_AUTOS = YES_AGGRESSIVE;
				GCC_WARN_UNUSED_FUNCTION = YES;
				GCC_WARN_UNUSED_VARIABLE = YES;
				IPHONEOS_DEPLOYMENT_TARGET = 9.0;
				MTL_ENABLE_DEBUG_INFO = YES;
				ONLY_ACTIVE_ARCH = YES;
				SDKROOT = iphoneos;
			};
			name = Debug;
		};
		58D6974A1B67A46D00693710 /* Release */ = {
			isa = XCBuildConfiguration;
			buildSettings = {
				ALWAYS_SEARCH_USER_PATHS = NO;
				CLANG_CXX_LANGUAGE_STANDARD = "gnu++0x";
				CLANG_CXX_LIBRARY = "libc++";
				CLANG_ENABLE_MODULES = YES;
				CLANG_ENABLE_OBJC_ARC = YES;
				CLANG_WARN_BOOL_CONVERSION = YES;
				CLANG_WARN_CONSTANT_CONVERSION = YES;
				CLANG_WARN_DIRECT_OBJC_ISA_USAGE = YES_ERROR;
				CLANG_WARN_EMPTY_BODY = YES;
				CLANG_WARN_ENUM_CONVERSION = YES;
				CLANG_WARN_INT_CONVERSION = YES;
				CLANG_WARN_OBJC_ROOT_CLASS = YES_ERROR;
				CLANG_WARN_UNREACHABLE_CODE = YES;
				CLANG_WARN__DUPLICATE_METHOD_MATCH = YES;
				"CODE_SIGN_IDENTITY[sdk=iphoneos*]" = "iPhone Developer";
				COPY_PHASE_STRIP = NO;
				DEBUG_INFORMATION_FORMAT = "dwarf-with-dsym";
				ENABLE_NS_ASSERTIONS = NO;
				ENABLE_STRICT_OBJC_MSGSEND = YES;
				GCC_C_LANGUAGE_STANDARD = gnu99;
				GCC_NO_COMMON_BLOCKS = YES;
				GCC_WARN_64_TO_32_BIT_CONVERSION = YES;
				GCC_WARN_ABOUT_RETURN_TYPE = YES_ERROR;
				GCC_WARN_UNDECLARED_SELECTOR = YES;
				GCC_WARN_UNINITIALIZED_AUTOS = YES_AGGRESSIVE;
				GCC_WARN_UNUSED_FUNCTION = YES;
				GCC_WARN_UNUSED_VARIABLE = YES;
				IPHONEOS_DEPLOYMENT_TARGET = 9.0;
				MTL_ENABLE_DEBUG_INFO = NO;
				SDKROOT = iphoneos;
				VALIDATE_PRODUCT = YES;
			};
			name = Release;
		};
		58D6974C1B67A46D00693710 /* Debug */ = {
			isa = XCBuildConfiguration;
			baseConfigurationReference = 445B3281623C29D5BAC26CEA /* Pods-ApiAIDemoWatchOS WatchKit Extension.debug.xcconfig */;
			buildSettings = {
				INFOPLIST_FILE = "ApiAIDemoWatchOS WatchKit Extension/Info.plist";
				LD_RUNPATH_SEARCH_PATHS = "$(inherited) @executable_path/Frameworks @executable_path/../../Frameworks";
				PRODUCT_BUNDLE_IDENTIFIER = com.speaktoit.ApiAIDemoWatchOS.watchkitapp.watchkitextension;
				PRODUCT_NAME = "${TARGET_NAME}";
				SDKROOT = watchos;
				SKIP_INSTALL = YES;
				TARGETED_DEVICE_FAMILY = 4;
				WATCHOS_DEPLOYMENT_TARGET = 2.0;
			};
			name = Debug;
		};
		58D6974D1B67A46D00693710 /* Release */ = {
			isa = XCBuildConfiguration;
			baseConfigurationReference = 11AEADE43F0976D4C40C7356 /* Pods-ApiAIDemoWatchOS WatchKit Extension.release.xcconfig */;
			buildSettings = {
				INFOPLIST_FILE = "ApiAIDemoWatchOS WatchKit Extension/Info.plist";
				LD_RUNPATH_SEARCH_PATHS = "$(inherited) @executable_path/Frameworks @executable_path/../../Frameworks";
				PRODUCT_BUNDLE_IDENTIFIER = com.speaktoit.ApiAIDemoWatchOS.watchkitapp.watchkitextension;
				PRODUCT_NAME = "${TARGET_NAME}";
				SDKROOT = watchos;
				SKIP_INSTALL = YES;
				TARGETED_DEVICE_FAMILY = 4;
				WATCHOS_DEPLOYMENT_TARGET = 2.0;
			};
			name = Release;
		};
		58D697501B67A46D00693710 /* Debug */ = {
			isa = XCBuildConfiguration;
			baseConfigurationReference = 017AC5FCD377561800B01163 /* Pods-ApiAIDemoWatchOS WatchKit App.debug.xcconfig */;
			buildSettings = {
				ASSETCATALOG_COMPILER_APPICON_NAME = AppIcon;
				IBSC_MODULE = ApiAIDemoWatchOS_WatchKit_Extension;
				INFOPLIST_FILE = "ApiAIDemoWatchOS WatchKit App/Info.plist";
				PRODUCT_BUNDLE_IDENTIFIER = com.speaktoit.ApiAIDemoWatchOS.watchkitapp;
				PRODUCT_NAME = "$(TARGET_NAME)";
				SDKROOT = watchos;
				SKIP_INSTALL = YES;
				TARGETED_DEVICE_FAMILY = 4;
				WATCHOS_DEPLOYMENT_TARGET = 2.0;
			};
			name = Debug;
		};
		58D697511B67A46D00693710 /* Release */ = {
			isa = XCBuildConfiguration;
			baseConfigurationReference = 2468E1DFFF501448571B2240 /* Pods-ApiAIDemoWatchOS WatchKit App.release.xcconfig */;
			buildSettings = {
				ASSETCATALOG_COMPILER_APPICON_NAME = AppIcon;
				IBSC_MODULE = ApiAIDemoWatchOS_WatchKit_Extension;
				INFOPLIST_FILE = "ApiAIDemoWatchOS WatchKit App/Info.plist";
				PRODUCT_BUNDLE_IDENTIFIER = com.speaktoit.ApiAIDemoWatchOS.watchkitapp;
				PRODUCT_NAME = "$(TARGET_NAME)";
				SDKROOT = watchos;
				SKIP_INSTALL = YES;
				TARGETED_DEVICE_FAMILY = 4;
				WATCHOS_DEPLOYMENT_TARGET = 2.0;
			};
			name = Release;
		};
		58D697541B67A46D00693710 /* Debug */ = {
			isa = XCBuildConfiguration;
			baseConfigurationReference = 51569417C3C9755B8371D961 /* Pods-ApiAIDemoWatchOS.debug.xcconfig */;
			buildSettings = {
				ASSETCATALOG_COMPILER_APPICON_NAME = AppIcon;
				INFOPLIST_FILE = ApiAIDemoWatchOS/Info.plist;
				LD_RUNPATH_SEARCH_PATHS = "$(inherited) @executable_path/Frameworks";
				PRODUCT_BUNDLE_IDENTIFIER = com.speaktoit.ApiAIDemoWatchOS;
				PRODUCT_NAME = "$(TARGET_NAME)";
			};
			name = Debug;
		};
		58D697551B67A46D00693710 /* Release */ = {
			isa = XCBuildConfiguration;
			baseConfigurationReference = 9D640FAAF47A1F62965911F0 /* Pods-ApiAIDemoWatchOS.release.xcconfig */;
			buildSettings = {
				ASSETCATALOG_COMPILER_APPICON_NAME = AppIcon;
				INFOPLIST_FILE = ApiAIDemoWatchOS/Info.plist;
				LD_RUNPATH_SEARCH_PATHS = "$(inherited) @executable_path/Frameworks";
				PRODUCT_BUNDLE_IDENTIFIER = com.speaktoit.ApiAIDemoWatchOS;
				PRODUCT_NAME = "$(TARGET_NAME)";
			};
			name = Release;
		};
/* End XCBuildConfiguration section */

/* Begin XCConfigurationList section */
		58D697101B67A46C00693710 /* Build configuration list for PBXProject "ApiAIDemoWatchOS" */ = {
			isa = XCConfigurationList;
			buildConfigurations = (
				58D697491B67A46D00693710 /* Debug */,
				58D6974A1B67A46D00693710 /* Release */,
			);
			defaultConfigurationIsVisible = 0;
			defaultConfigurationName = Release;
		};
		58D6974B1B67A46D00693710 /* Build configuration list for PBXNativeTarget "ApiAIDemoWatchOS WatchKit Extension" */ = {
			isa = XCConfigurationList;
			buildConfigurations = (
				58D6974C1B67A46D00693710 /* Debug */,
				58D6974D1B67A46D00693710 /* Release */,
			);
			defaultConfigurationIsVisible = 0;
			defaultConfigurationName = Release;
		};
		58D6974F1B67A46D00693710 /* Build configuration list for PBXNativeTarget "ApiAIDemoWatchOS WatchKit App" */ = {
			isa = XCConfigurationList;
			buildConfigurations = (
				58D697501B67A46D00693710 /* Debug */,
				58D697511B67A46D00693710 /* Release */,
			);
			defaultConfigurationIsVisible = 0;
			defaultConfigurationName = Release;
		};
		58D697531B67A46D00693710 /* Build configuration list for PBXNativeTarget "ApiAIDemoWatchOS" */ = {
			isa = XCConfigurationList;
			buildConfigurations = (
				58D697541B67A46D00693710 /* Debug */,
				58D697551B67A46D00693710 /* Release */,
			);
			defaultConfigurationIsVisible = 0;
			defaultConfigurationName = Release;
		};
/* End XCConfigurationList section */
	};
	rootObject = 58D6970D1B67A46C00693710 /* Project object */;
}
